
Microsoft Visual Studio Solution File, Format Version 12.00
# Visual Studio Version 17
VisualStudioVersion = 17.0.31903.59
MinimumVisualStudioVersion = 10.0.40219.1
Project("{2150E333-8FDC-42A3-9474-1A3956D46DE8}") = "src", "src", "{827E0CD3-B72D-47B6-A68D-7590B98EB39B}"
EndProject
Project("{FAE04EC0-301F-11D3-BF4B-00C04F79EFBC}") = "OpenHyperX.Core", "src\OpenHyperX.Core\OpenHyperX.Core.csproj", "{E8A10F88-526A-4244-AEFC-DCAF4DE06F82}"
EndProject
Project("{FAE04EC0-301F-11D3-BF4B-00C04F79EFBC}") = "OpenHyperX.Hid", "src\OpenHyperX.Hid\OpenHyperX.Hid.csproj", "{66F81755-AD5C-41A7-9C03-B2F07769BEA9}"
EndProject
Project("{FAE04EC0-301F-11D3-BF4B-00C04F79EFBC}") = "OpenHyperX.Devices.CloudAlphaWireless", "src\OpenHyperX.Devices.CloudAlphaWireless\OpenHyperX.Devices.CloudAlphaWireless.csproj", "{4ACD621F-A090-4C74-A82A-F9D539A6652A}"
EndProject
Project("{FAE04EC0-301F-11D3-BF4B-00C04F79EFBC}") = "OpenHyperX.App", "src\OpenHyperX.App\OpenHyperX.App.csproj", "{7B270520-CAA1-474E-8435-9D68C785DAC9}"
EndProject
Project("{FAE04EC0-301F-11D3-BF4B-00C04F79EFBC}") = "OpenHyperX.Cli", "tools\OpenHyperX.Cli\OpenHyperX.Cli.csproj", "{58495BCB-C313-4640-AFD8-3E3D2F82BDDD}"
EndProject
Project("{FAE04EC0-301F-11D3-BF4B-00C04F79EFBC}") = "OpenHyperX.Core.Tests", "tests\OpenHyperX.Core.Tests\OpenHyperX.Core.Tests.csproj", "{8F72B840-26AA-465A-A0EE-9160DFD344F3}"
EndProject
Global
	GlobalSection(SolutionConfigurationPlatforms) = preSolution
		Debug|Any CPU = Debug|Any CPU
		Debug|x64 = Debug|x64
		Debug|x86 = Debug|x86
		Release|Any CPU = Release|Any CPU
		Release|x64 = Release|x64
		Release|x86 = Release|x86
	EndGlobalSection
	GlobalSection(ProjectConfigurationPlatforms) = postSolution
		{E8A10F88-526A-4244-AEFC-DCAF4DE06F82}.Debug|Any CPU.ActiveCfg = Debug|Any CPU
		{E8A10F88-526A-4244-AEFC-DCAF4DE06F82}.Debug|Any CPU.Build.0 = Debug|Any CPU
		{E8A10F88-526A-4244-AEFC-DCAF4DE06F82}.Debug|x64.ActiveCfg = Debug|Any CPU
		{E8A10F88-526A-4244-AEFC-DCAF4DE06F82}.Debug|x64.Build.0 = Debug|Any CPU
		{E8A10F88-526A-4244-AEFC-DCAF4DE06F82}.Debug|x86.ActiveCfg = Debug|Any CPU
		{E8A10F88-526A-4244-AEFC-DCAF4DE06F82}.Debug|x86.Build.0 = Debug|Any CPU
		{E8A10F88-526A-4244-AEFC-DCAF4DE06F82}.Release|Any CPU.ActiveCfg = Release|Any CPU
		{E8A10F88-526A-4244-AEFC-DCAF4DE06F82}.Release|Any CPU.Build.0 = Release|Any CPU
		{E8A10F88-526A-4244-AEFC-DCAF4DE06F82}.Release|x64.ActiveCfg = Release|Any CPU
		{E8A10F88-526A-4244-AEFC-DCAF4DE06F82}.Release|x64.Build.0 = Release|Any CPU
		{E8A10F88-526A-4244-AEFC-DCAF4DE06F82}.Release|x86.ActiveCfg = Release|Any CPU
		{E8A10F88-526A-4244-AEFC-DCAF4DE06F82}.Release|x86.Build.0 = Release|Any CPU
		{66F81755-AD5C-41A7-9C03-B2F07769BEA9}.Debug|Any CPU.ActiveCfg = Debug|Any CPU
		{66F81755-AD5C-41A7-9C03-B2F07769BEA9}.Debug|Any CPU.Build.0 = Debug|Any CPU
		{66F81755-AD5C-41A7-9C03-B2F07769BEA9}.Debug|x64.ActiveCfg = Debug|Any CPU
		{66F81755-AD5C-41A7-9C03-B2F07769BEA9}.Debug|x64.Build.0 = Debug|Any CPU
		{66F81755-AD5C-41A7-9C03-B2F07769BEA9}.Debug|x86.ActiveCfg = Debug|Any CPU
		{66F81755-AD5C-41A7-9C03-B2F07769BEA9}.Debug|x86.Build.0 = Debug|Any CPU
		{66F81755-AD5C-41A7-9C03-B2F07769BEA9}.Release|Any CPU.ActiveCfg = Release|Any CPU
		{66F81755-AD5C-41A7-9C03-B2F07769BEA9}.Release|Any CPU.Build.0 = Release|Any CPU
		{66F81755-AD5C-41A7-9C03-B2F07769BEA9}.Release|x64.ActiveCfg = Release|Any CPU
		{66F81755-AD5C-41A7-9C03-B2F07769BEA9}.Release|x64.Build.0 = Release|Any CPU
		{66F81755-AD5C-41A7-9C03-B2F07769BEA9}.Release|x86.ActiveCfg = Release|Any CPU
		{66F81755-AD5C-41A7-9C03-B2F07769BEA9}.Release|x86.Build.0 = Release|Any CPU
		{4ACD621F-A090-4C74-A82A-F9D539A6652A}.Debug|Any CPU.ActiveCfg = Debug|Any CPU
		{4ACD621F-A090-4C74-A82A-F9D539A6652A}.Debug|Any CPU.Build.0 = Debug|Any CPU
		{4ACD621F-A090-4C74-A82A-F9D539A6652A}.Debug|x64.ActiveCfg = Debug|Any CPU
		{4ACD621F-A090-4C74-A82A-F9D539A6652A}.Debug|x64.Build.0 = Debug|Any CPU
		{4ACD621F-A090-4C74-A82A-F9D539A6652A}.Debug|x86.ActiveCfg = Debug|Any CPU
		{4ACD621F-A090-4C74-A82A-F9D539A6652A}.Debug|x86.Build.0 = Debug|Any CPU
		{4ACD621F-A090-4C74-A82A-F9D539A6652A}.Release|Any CPU.ActiveCfg = Release|Any CPU
		{4ACD621F-A090-4C74-A82A-F9D539A6652A}.Release|Any CPU.Build.0 = Release|Any CPU
		{4ACD621F-A090-4C74-A82A-F9D539A6652A}.Release|x64.ActiveCfg = Release|Any CPU
		{4ACD621F-A090-4C74-A82A-F9D539A6652A}.Release|x64.Build.0 = Release|Any CPU
		{4ACD621F-A090-4C74-A82A-F9D539A6652A}.Release|x86.ActiveCfg = Release|Any CPU
		{4ACD621F-A090-4C74-A82A-F9D539A6652A}.Release|x86.Build.0 = Release|Any CPU
		{7B270520-CAA1-474E-8435-9D68C785DAC9}.Debug|Any CPU.ActiveCfg = Debug|Any CPU
		{7B270520-CAA1-474E-8435-9D68C785DAC9}.Debug|Any CPU.Build.0 = Debug|Any CPU
		{7B270520-CAA1-474E-8435-9D68C785DAC9}.Debug|x64.ActiveCfg = Debug|Any CPU
		{7B270520-CAA1-474E-8435-9D68C785DAC9}.Debug|x64.Build.0 = Debug|Any CPU
		{7B270520-CAA1-474E-8435-9D68C785DAC9}.Debug|x86.ActiveCfg = Debug|Any CPU
		{7B270520-CAA1-474E-8435-9D68C785DAC9}.Debug|x86.Build.0 = Debug|Any CPU
		{7B270520-CAA1-474E-8435-9D68C785DAC9}.Release|Any CPU.ActiveCfg = Release|Any CPU
		{7B270520-CAA1-474E-8435-9D68C785DAC9}.Release|Any CPU.Build.0 = Release|Any CPU
		{7B270520-CAA1-474E-8435-9D68C785DAC9}.Release|x64.ActiveCfg = Release|Any CPU
		{7B270520-CAA1-474E-8435-9D68C785DAC9}.Release|x64.Build.0 = Release|Any CPU
		{7B270520-CAA1-474E-8435-9D68C785DAC9}.Release|x86.ActiveCfg = Release|Any CPU
		{7B270520-CAA1-474E-8435-9D68C785DAC9}.Release|x86.Build.0 = Release|Any CPU
		{58495BCB-C313-4640-AFD8-3E3D2F82BDDD}.Debug|Any CPU.ActiveCfg = Debug|Any CPU
		{58495BCB-C313-4640-AFD8-3E3D2F82BDDD}.Debug|Any CPU.Build.0 = Debug|Any CPU
		{58495BCB-C313-4640-AFD8-3E3D2F82BDDD}.Debug|x64.ActiveCfg = Debug|Any CPU
		{58495BCB-C313-4640-AFD8-3E3D2F82BDDD}.Debug|x64.Build.0 = Debug|Any CPU
		{58495BCB-C313-4640-AFD8-3E3D2F82BDDD}.Debug|x86.ActiveCfg = Debug|Any CPU
		{58495BCB-C313-4640-AFD8-3E3D2F82BDDD}.Debug|x86.Build.0 = Debug|Any CPU
		{58495BCB-C313-4640-AFD8-3E3D2F82BDDD}.Release|Any CPU.ActiveCfg = Release|Any CPU
		{58495BCB-C313-4640-AFD8-3E3D2F82BDDD}.Release|Any CPU.Build.0 = Release|Any CPU
		{58495BCB-C313-4640-AFD8-3E3D2F82BDDD}.Release|x64.ActiveCfg = Release|Any CPU
		{58495BCB-C313-4640-AFD8-3E3D2F82BDDD}.Release|x64.Build.0 = Release|Any CPU
		{58495BCB-C313-4640-AFD8-3E3D2F82BDDD}.Release|x86.ActiveCfg = Release|Any CPU
		{58495BCB-C313-4640-AFD8-3E3D2F82BDDD}.Release|x86.Build.0 = Release|Any CPU
		{8F72B840-26AA-465A-A0EE-9160DFD344F3}.Debug|Any CPU.ActiveCfg = Debug|Any CPU
		{8F72B840-26AA-465A-A0EE-9160DFD344F3}.Debug|Any CPU.Build.0 = Debug|Any CPU
		{8F72B840-26AA-465A-A0EE-9160DFD344F3}.Debug|x64.ActiveCfg = Debug|Any CPU
		{8F72B840-26AA-465A-A0EE-9160DFD344F3}.Debug|x64.Build.0 = Debug|Any CPU
		{8F72B840-26AA-465A-A0EE-9160DFD344F3}.Debug|x86.ActiveCfg = Debug|Any CPU
		{8F72B840-26AA-465A-A0EE-9160DFD344F3}.Debug|x86.Build.0 = Debug|Any CPU
		{8F72B840-26AA-465A-A0EE-9160DFD344F3}.Release|Any CPU.ActiveCfg = Release|Any CPU
		{8F72B840-26AA-465A-A0EE-9160DFD344F3}.Release|Any CPU.Build.0 = Release|Any CPU
		{8F72B840-26AA-465A-A0EE-9160DFD344F3}.Release|x64.ActiveCfg = Release|Any CPU
		{8F72B840-26AA-465A-A0EE-9160DFD344F3}.Release|x64.Build.0 = Release|Any CPU
		{8F72B840-26AA-465A-A0EE-9160DFD344F3}.Release|x86.ActiveCfg = Release|Any CPU
		{8F72B840-26AA-465A-A0EE-9160DFD344F3}.Release|x86.Build.0 = Release|Any CPU
	EndGlobalSection
	GlobalSection(SolutionProperties) = preSolution
		HideSolutionNode = FALSE
	EndGlobalSection
	GlobalSection(NestedProjects) = preSolution
		{E8A10F88-526A-4244-AEFC-DCAF4DE06F82} = {827E0CD3-B72D-47B6-A68D-7590B98EB39B}
		{66F81755-AD5C-41A7-9C03-B2F07769BEA9} = {827E0CD3-B72D-47B6-A68D-7590B98EB39B}
		{4ACD621F-A090-4C74-A82A-F9D539A6652A} = {827E0CD3-B72D-47B6-A68D-7590B98EB39B}
		{7B270520-CAA1-474E-8435-9D68C785DAC9} = {827E0CD3-B72D-47B6-A68D-7590B98EB39B}
		{58495BCB-C313-4640-AFD8-3E3D2F82BDDD} = {827E0CD3-B72D-47B6-A68D-7590B98EB39B}
		{8F72B840-26AA-465A-A0EE-9160DFD344F3} = {827E0CD3-B72D-47B6-A68D-7590B98EB39B}
	EndGlobalSection
EndGlobal
